
Microsoft Visual Studio Solution File, Format Version 12.00
# Visual Studio Version 17
VisualStudioVersion = 17.10.35122.118
MinimumVisualStudioVersion = 10.0.40219.1
Project("{FAE04EC0-301F-11D3-BF4B-00C04F79EFBC}") = "Importador", "Importador\Importador.csproj", "{62415C30-C798-4598-BD5A-CE22BF177FD6}"
EndProject
Global
	GlobalSection(SolutionConfigurationPlatforms) = preSolution
		Debug|Any CPU = Debug|Any CPU
		Release|Any CPU = Release|Any CPU
	EndGlobalSection
	GlobalSection(ProjectConfigurationPlatforms) = postSolution
		{62415C30-C798-4598-BD5A-CE22BF177FD6}.Debug|Any CPU.ActiveCfg = Debug|Any CPU
		{62415C30-C798-4598-BD5A-CE22BF177FD6}.Debug|Any CPU.Build.0 = Debug|Any CPU
		{62415C30-C798-4598-BD5A-CE22BF177FD6}.Release|Any CPU.ActiveCfg = Release|Any CPU
		{62415C30-C798-4598-BD5A-CE22BF177FD6}.Release|Any CPU.Build.0 = Release|Any CPU
	EndGlobalSection
	GlobalSection(SolutionProperties) = preSolution
		HideSolutionNode = FALSE
	EndGlobalSection
	GlobalSection(ExtensibilityGlobals) = postSolution
		SolutionGuid = {7ADFBABE-4691-4CF9-8880-07E8F961E8D0}
	EndGlobalSection
EndGlobal
